{
  "name": "local-forecast",
  "version": "1.0.0",
  "lockfileVersion": 2,
  "requires": true,
  "packages": {
    "": {
      "name": "local-forecast",
      "version": "1.0.0",
      "license": "ISC",
      "dependencies": {
        "sunrise-sunset-js": "^2.2.1"
      }
    },
    "node_modules/sunrise-sunset-js": {
      "version": "2.2.1",
      "resolved": "https://registry.npmjs.org/sunrise-sunset-js/-/sunrise-sunset-js-2.2.1.tgz",
      "integrity": "sha512-ErsvmxoTCZRacVPtlchkrTAR8qxypBy0BDrrv9LMugLuF0AykcS5pQsP1EhQJHgumxrTTSI8N8KJkQMVJ6dEPw=="
    }
  },
  "dependencies": {
    "sunrise-sunset-js": {
      "version": "2.2.1",
      "resolved": "https://registry.npmjs.org/sunrise-sunset-js/-/sunrise-sunset-js-2.2.1.tgz",
      "integrity": "sha512-ErsvmxoTCZRacVPtlchkrTAR8qxypBy0BDrrv9LMugLuF0AykcS5pQsP1EhQJHgumxrTTSI8N8KJkQMVJ6dEPw=="
    }
  }
}
