{
  "name": "local-forecast",
  "version": "1.0.0",
  "lockfileVersion": 2,
  "requires": true,
  "packages": {
    "": {
      "name": "local-forecast",
      "version": "1.0.0",
      "license": "ISC",
      "dependencies": {
        "moment": "^2.29.4",
        "sunrise-sunset-js": "^2.2.1"
      }
    },
    "node_modules/moment": {
      "version": "2.29.4",
      "resolved": "https://registry.npmjs.org/moment/-/moment-2.29.4.tgz",
      "integrity": "sha512-5LC9SOxjSc2HF6vO2CyuTDNivEdoz2IvyJJGj6X8DJ0eFyfszE0QiEd+iXmBvUP3WHxSjFH/vIsA0EN00cgr8w==",
      "engines": {
        "node": "*"
      }
    },
    "node_modules/sunrise-sunset-js": {
      "version": "2.2.1",
      "resolved": "https://registry.npmjs.org/sunrise-sunset-js/-/sunrise-sunset-js-2.2.1.tgz",
      "integrity": "sha512-ErsvmxoTCZRacVPtlchkrTAR8qxypBy0BDrrv9LMugLuF0AykcS5pQsP1EhQJHgumxrTTSI8N8KJkQMVJ6dEPw=="
    }
  },
  "dependencies": {
    "moment": {
      "version": "2.29.4",
      "resolved": "https://registry.npmjs.org/moment/-/moment-2.29.4.tgz",
      "integrity": "sha512-5LC9SOxjSc2HF6vO2CyuTDNivEdoz2IvyJJGj6X8DJ0eFyfszE0QiEd+iXmBvUP3WHxSjFH/vIsA0EN00cgr8w=="
    },
    "sunrise-sunset-js": {
      "version": "2.2.1",
      "resolved": "https://registry.npmjs.org/sunrise-sunset-js/-/sunrise-sunset-js-2.2.1.tgz",
      "integrity": "sha512-ErsvmxoTCZRacVPtlchkrTAR8qxypBy0BDrrv9LMugLuF0AykcS5pQsP1EhQJHgumxrTTSI8N8KJkQMVJ6dEPw=="
    }
  }
}
